// !$*UTF8*$!
{
	archiveVersion = 1;
	classes = {
	};
	objectVersion = 46;
	objects = {

/* Begin PBXBuildFile section */
		560A1949A400391DE9B147FE /* Pods_PrivatBankATMs.framework in Frameworks */ = {isa = PBXBuildFile; fileRef = BB68E394BE8FF22F63E5220D /* Pods_PrivatBankATMs.framework */; };
		FD0C54BE1F731D0C003B80AB /* DetailViewController.swift in Sources */ = {isa = PBXBuildFile; fileRef = FD0C54BD1F731D0C003B80AB /* DetailViewController.swift */; };
		FD1789741F719F7A00A12F2E /* AppDelegate.swift in Sources */ = {isa = PBXBuildFile; fileRef = FD1789731F719F7A00A12F2E /* AppDelegate.swift */; };
		FD1789761F719F7A00A12F2E /* MapViewController.swift in Sources */ = {isa = PBXBuildFile; fileRef = FD1789751F719F7A00A12F2E /* MapViewController.swift */; };
		FD1789791F719F7A00A12F2E /* Main.storyboard in Resources */ = {isa = PBXBuildFile; fileRef = FD1789771F719F7A00A12F2E /* Main.storyboard */; };
		FD17897B1F719F7A00A12F2E /* Assets.xcassets in Resources */ = {isa = PBXBuildFile; fileRef = FD17897A1F719F7A00A12F2E /* Assets.xcassets */; };
		FD17897E1F719F7A00A12F2E /* LaunchScreen.storyboard in Resources */ = {isa = PBXBuildFile; fileRef = FD17897C1F719F7A00A12F2E /* LaunchScreen.storyboard */; };
		FD27BB641F73BAB1004F0DB6 /* SelectCityViewController.swift in Sources */ = {isa = PBXBuildFile; fileRef = FD27BB631F73BAB1004F0DB6 /* SelectCityViewController.swift */; };
		FD959C851F71AC080025B055 /* APIManager.swift in Sources */ = {isa = PBXBuildFile; fileRef = FD959C841F71AC080025B055 /* APIManager.swift */; };
		FD959C871F71B13A0025B055 /* Siesta+SwiftyJSON.swift in Sources */ = {isa = PBXBuildFile; fileRef = FD959C861F71B13A0025B055 /* Siesta+SwiftyJSON.swift */; };
		FD959C891F71B5E80025B055 /* CityATMsResponse.swift in Sources */ = {isa = PBXBuildFile; fileRef = FD959C881F71B5E80025B055 /* CityATMsResponse.swift */; };
		FD959C8B1F71B6C50025B055 /* ATMInfo.swift in Sources */ = {isa = PBXBuildFile; fileRef = FD959C8A1F71B6C50025B055 /* ATMInfo.swift */; };
/* End PBXBuildFile section */

/* Begin PBXFileReference section */
		09B7727E17D7DACCB58B9D71 /* Pods-PrivatBankATMs.release.xcconfig */ = {isa = PBXFileReference; includeInIndex = 1; lastKnownFileType = text.xcconfig; name = "Pods-PrivatBankATMs.release.xcconfig"; path = "Pods/Target Support Files/Pods-PrivatBankATMs/Pods-PrivatBankATMs.release.xcconfig"; sourceTree = "<group>"; };
		B9299B02E7E170E464B1EEC8 /* Pods-PrivatBankATMs.debug.xcconfig */ = {isa = PBXFileReference; includeInIndex = 1; lastKnownFileType = text.xcconfig; name = "Pods-PrivatBankATMs.debug.xcconfig"; path = "Pods/Target Support Files/Pods-PrivatBankATMs/Pods-PrivatBankATMs.debug.xcconfig"; sourceTree = "<group>"; };
		BB68E394BE8FF22F63E5220D /* Pods_PrivatBankATMs.framework */ = {isa = PBXFileReference; explicitFileType = wrapper.framework; includeInIndex = 0; path = Pods_PrivatBankATMs.framework; sourceTree = BUILT_PRODUCTS_DIR; };
		FD0C54BD1F731D0C003B80AB /* DetailViewController.swift */ = {isa = PBXFileReference; fileEncoding = 4; lastKnownFileType = sourcecode.swift; path = DetailViewController.swift; sourceTree = "<group>"; };
		FD1789701F719F7A00A12F2E /* PrivatBankATMs.app */ = {isa = PBXFileReference; explicitFileType = wrapper.application; includeInIndex = 0; path = PrivatBankATMs.app; sourceTree = BUILT_PRODUCTS_DIR; };
		FD1789731F719F7A00A12F2E /* AppDelegate.swift */ = {isa = PBXFileReference; lastKnownFileType = sourcecode.swift; path = AppDelegate.swift; sourceTree = "<group>"; };
		FD1789751F719F7A00A12F2E /* MapViewController.swift */ = {isa = PBXFileReference; lastKnownFileType = sourcecode.swift; path = MapViewController.swift; sourceTree = "<group>"; };
		FD1789781F719F7A00A12F2E /* Base */ = {isa = PBXFileReference; lastKnownFileType = file.storyboard; name = Base; path = Base.lproj/Main.storyboard; sourceTree = "<group>"; };
		FD17897A1F719F7A00A12F2E /* Assets.xcassets */ = {isa = PBXFileReference; lastKnownFileType = folder.assetcatalog; path = Assets.xcassets; sourceTree = "<group>"; };
		FD17897D1F719F7A00A12F2E /* Base */ = {isa = PBXFileReference; lastKnownFileType = file.storyboard; name = Base; path = Base.lproj/LaunchScreen.storyboard; sourceTree = "<group>"; };
		FD17897F1F719F7A00A12F2E /* Info.plist */ = {isa = PBXFileReference; lastKnownFileType = text.plist.xml; path = Info.plist; sourceTree = "<group>"; };
		FD27BB631F73BAB1004F0DB6 /* SelectCityViewController.swift */ = {isa = PBXFileReference; fileEncoding = 4; lastKnownFileType = sourcecode.swift; path = SelectCityViewController.swift; sourceTree = "<group>"; };
		FD959C841F71AC080025B055 /* APIManager.swift */ = {isa = PBXFileReference; fileEncoding = 4; lastKnownFileType = sourcecode.swift; path = APIManager.swift; sourceTree = "<group>"; };
		FD959C861F71B13A0025B055 /* Siesta+SwiftyJSON.swift */ = {isa = PBXFileReference; fileEncoding = 4; lastKnownFileType = sourcecode.swift; path = "Siesta+SwiftyJSON.swift"; sourceTree = "<group>"; };
		FD959C881F71B5E80025B055 /* CityATMsResponse.swift */ = {isa = PBXFileReference; fileEncoding = 4; lastKnownFileType = sourcecode.swift; path = CityATMsResponse.swift; sourceTree = "<group>"; };
		FD959C8A1F71B6C50025B055 /* ATMInfo.swift */ = {isa = PBXFileReference; fileEncoding = 4; lastKnownFileType = sourcecode.swift; path = ATMInfo.swift; sourceTree = "<group>"; };
/* End PBXFileReference section */

/* Begin PBXFrameworksBuildPhase section */
		FD17896D1F719F7A00A12F2E /* Frameworks */ = {
			isa = PBXFrameworksBuildPhase;
			buildActionMask = 2147483647;
			files = (
				560A1949A400391DE9B147FE /* Pods_PrivatBankATMs.framework in Frameworks */,
			);
			runOnlyForDeploymentPostprocessing = 0;
		};
/* End PBXFrameworksBuildPhase section */

/* Begin PBXGroup section */
		7ADA2ABD248E843DB167201B /* Pods */ = {
			isa = PBXGroup;
			children = (
				B9299B02E7E170E464B1EEC8 /* Pods-PrivatBankATMs.debug.xcconfig */,
				09B7727E17D7DACCB58B9D71 /* Pods-PrivatBankATMs.release.xcconfig */,
			);
			name = Pods;
			sourceTree = "<group>";
		};
		9D71DBE4E9CB9125DDB74058 /* Frameworks */ = {
			isa = PBXGroup;
			children = (
				BB68E394BE8FF22F63E5220D /* Pods_PrivatBankATMs.framework */,
			);
			name = Frameworks;
			sourceTree = "<group>";
		};
		FD0C54BC1F730FB4003B80AB /* API */ = {
			isa = PBXGroup;
			children = (
				FD959C841F71AC080025B055 /* APIManager.swift */,
				FD959C861F71B13A0025B055 /* Siesta+SwiftyJSON.swift */,
				FD959C881F71B5E80025B055 /* CityATMsResponse.swift */,
				FD959C8A1F71B6C50025B055 /* ATMInfo.swift */,
			);
			name = API;
			sourceTree = "<group>";
		};
		FD1789671F719F7A00A12F2E = {
			isa = PBXGroup;
			children = (
				FD1789721F719F7A00A12F2E /* PrivatBankATMs */,
				FD1789711F719F7A00A12F2E /* Products */,
				7ADA2ABD248E843DB167201B /* Pods */,
				9D71DBE4E9CB9125DDB74058 /* Frameworks */,
			);
			sourceTree = "<group>";
		};
		FD1789711F719F7A00A12F2E /* Products */ = {
			isa = PBXGroup;
			children = (
				FD1789701F719F7A00A12F2E /* PrivatBankATMs.app */,
			);
			name = Products;
			sourceTree = "<group>";
		};
		FD1789721F719F7A00A12F2E /* PrivatBankATMs */ = {
			isa = PBXGroup;
			children = (
				FD1789731F719F7A00A12F2E /* AppDelegate.swift */,
				FD1789751F719F7A00A12F2E /* MapViewController.swift */,
				FD0C54BD1F731D0C003B80AB /* DetailViewController.swift */,
				FD27BB631F73BAB1004F0DB6 /* SelectCityViewController.swift */,
				FD0C54BC1F730FB4003B80AB /* API */,
				FD1789771F719F7A00A12F2E /* Main.storyboard */,
				FD17897A1F719F7A00A12F2E /* Assets.xcassets */,
				FD17897C1F719F7A00A12F2E /* LaunchScreen.storyboard */,
				FD17897F1F719F7A00A12F2E /* Info.plist */,
			);
			path = PrivatBankATMs;
			sourceTree = "<group>";
		};
/* End PBXGroup section */

/* Begin PBXNativeTarget section */
		FD17896F1F719F7A00A12F2E /* PrivatBankATMs */ = {
			isa = PBXNativeTarget;
			buildConfigurationList = FD1789821F719F7A00A12F2E /* Build configuration list for PBXNativeTarget "PrivatBankATMs" */;
			buildPhases = (
				F846F821C34C35AE411A1052 /* [CP] Check Pods Manifest.lock */,
				FD17896C1F719F7A00A12F2E /* Sources */,
				FD17896D1F719F7A00A12F2E /* Frameworks */,
				FD17896E1F719F7A00A12F2E /* Resources */,
				856E58ABF2280D9D69511471 /* [CP] Embed Pods Frameworks */,
				53CA7A8EEA78409CED70187D /* [CP] Copy Pods Resources */,
			);
			buildRules = (
			);
			dependencies = (
			);
			name = PrivatBankATMs;
			productName = PrivatBankATMs;
			productReference = FD1789701F719F7A00A12F2E /* PrivatBankATMs.app */;
			productType = "com.apple.product-type.application";
		};
/* End PBXNativeTarget section */

/* Begin PBXProject section */
		FD1789681F719F7A00A12F2E /* Project object */ = {
			isa = PBXProject;
			attributes = {
				LastSwiftUpdateCheck = 0830;
				LastUpgradeCheck = 0830;
				ORGANIZATIONNAME = "Self Education";
				TargetAttributes = {
					FD17896F1F719F7A00A12F2E = {
						CreatedOnToolsVersion = 8.3.3;
						ProvisioningStyle = Automatic;
					};
				};
			};
			buildConfigurationList = FD17896B1F719F7A00A12F2E /* Build configuration list for PBXProject "PrivatBankATMs" */;
			compatibilityVersion = "Xcode 3.2";
			developmentRegion = English;
			hasScannedForEncodings = 0;
			knownRegions = (
				en,
				Base,
			);
			mainGroup = FD1789671F719F7A00A12F2E;
			productRefGroup = FD1789711F719F7A00A12F2E /* Products */;
			projectDirPath = "";
			projectRoot = "";
			targets = (
				FD17896F1F719F7A00A12F2E /* PrivatBankATMs */,
			);
		};
/* End PBXProject section */

/* Begin PBXResourcesBuildPhase section */
		FD17896E1F719F7A00A12F2E /* Resources */ = {
			isa = PBXResourcesBuildPhase;
			buildActionMask = 2147483647;
			files = (
				FD17897E1F719F7A00A12F2E /* LaunchScreen.storyboard in Resources */,
				FD17897B1F719F7A00A12F2E /* Assets.xcassets in Resources */,
				FD1789791F719F7A00A12F2E /* Main.storyboard in Resources */,
			);
			runOnlyForDeploymentPostprocessing = 0;
		};
/* End PBXResourcesBuildPhase section */

/* Begin PBXShellScriptBuildPhase section */
		53CA7A8EEA78409CED70187D /* [CP] Copy Pods Resources */ = {
			isa = PBXShellScriptBuildPhase;
			buildActionMask = 2147483647;
			files = (
			);
			inputPaths = (
			);
			name = "[CP] Copy Pods Resources";
			outputPaths = (
			);
			runOnlyForDeploymentPostprocessing = 0;
			shellPath = /bin/sh;
			shellScript = "\"${SRCROOT}/Pods/Target Support Files/Pods-PrivatBankATMs/Pods-PrivatBankATMs-resources.sh\"\n";
			showEnvVarsInLog = 0;
		};
		856E58ABF2280D9D69511471 /* [CP] Embed Pods Frameworks */ = {
			isa = PBXShellScriptBuildPhase;
			buildActionMask = 2147483647;
			files = (
			);
			inputPaths = (
			);
			name = "[CP] Embed Pods Frameworks";
			outputPaths = (
			);
			runOnlyForDeploymentPostprocessing = 0;
			shellPath = /bin/sh;
			shellScript = "\"${SRCROOT}/Pods/Target Support Files/Pods-PrivatBankATMs/Pods-PrivatBankATMs-frameworks.sh\"\n";
			showEnvVarsInLog = 0;
		};
		F846F821C34C35AE411A1052 /* [CP] Check Pods Manifest.lock */ = {
			isa = PBXShellScriptBuildPhase;
			buildActionMask = 2147483647;
			files = (
			);
			inputPaths = (
			);
			name = "[CP] Check Pods Manifest.lock";
			outputPaths = (
			);
			runOnlyForDeploymentPostprocessing = 0;
			shellPath = /bin/sh;
			shellScript = "diff \"${PODS_PODFILE_DIR_PATH}/Podfile.lock\" \"${PODS_ROOT}/Manifest.lock\" > /dev/null\nif [ $? != 0 ] ; then\n    # print error to STDERR\n    echo \"error: The sandbox is not in sync with the Podfile.lock. Run 'pod install' or update your CocoaPods installation.\" >&2\n    exit 1\nfi\n";
			showEnvVarsInLog = 0;
		};
/* End PBXShellScriptBuildPhase section */

/* Begin PBXSourcesBuildPhase section */
		FD17896C1F719F7A00A12F2E /* Sources */ = {
			isa = PBXSourcesBuildPhase;
			buildActionMask = 2147483647;
			files = (
				FD959C851F71AC080025B055 /* APIManager.swift in Sources */,
				FD27BB641F73BAB1004F0DB6 /* SelectCityViewController.swift in Sources */,
				FD1789761F719F7A00A12F2E /* MapViewController.swift in Sources */,
				FD959C8B1F71B6C50025B055 /* ATMInfo.swift in Sources */,
				FD959C871F71B13A0025B055 /* Siesta+SwiftyJSON.swift in Sources */,
				FD1789741F719F7A00A12F2E /* AppDelegate.swift in Sources */,
				FD959C891F71B5E80025B055 /* CityATMsResponse.swift in Sources */,
				FD0C54BE1F731D0C003B80AB /* DetailViewController.swift in Sources */,
			);
			runOnlyForDeploymentPostprocessing = 0;
		};
/* End PBXSourcesBuildPhase section */

/* Begin PBXVariantGroup section */
		FD1789771F719F7A00A12F2E /* Main.storyboard */ = {
			isa = PBXVariantGroup;
			children = (
				FD1789781F719F7A00A12F2E /* Base */,
			);
			name = Main.storyboard;
			sourceTree = "<group>";
		};
		FD17897C1F719F7A00A12F2E /* LaunchScreen.storyboard */ = {
			isa = PBXVariantGroup;
			children = (
				FD17897D1F719F7A00A12F2E /* Base */,
			);
			name = LaunchScreen.storyboard;
			sourceTree = "<group>";
		};
/* End PBXVariantGroup section */

/* Begin XCBuildConfiguration section */
		FD1789801F719F7A00A12F2E /* Debug */ = {
			isa = XCBuildConfiguration;
			buildSettings = {
				ALWAYS_SEARCH_USER_PATHS = NO;
				CLANG_ANALYZER_NONNULL = YES;
				CLANG_ANALYZER_NUMBER_OBJECT_CONVERSION = YES_AGGRESSIVE;
				CLANG_CXX_LANGUAGE_STANDARD = "gnu++0x";
				CLANG_CXX_LIBRARY = "libc++";
				CLANG_ENABLE_MODULES = YES;
				CLANG_ENABLE_OBJC_ARC = YES;
				CLANG_WARN_BOOL_CONVERSION = YES;
				CLANG_WARN_CONSTANT_CONVERSION = YES;
				CLANG_WARN_DIRECT_OBJC_ISA_USAGE = YES_ERROR;
				CLANG_WARN_DOCUMENTATION_COMMENTS = YES;
				CLANG_WARN_EMPTY_BODY = YES;
				CLANG_WARN_ENUM_CONVERSION = YES;
				CLANG_WARN_INFINITE_RECURSION = YES;
				CLANG_WARN_INT_CONVERSION = YES;
				CLANG_WARN_OBJC_ROOT_CLASS = YES_ERROR;
				CLANG_WARN_SUSPICIOUS_MOVE = YES;
				CLANG_WARN_UNREACHABLE_CODE = YES;
				CLANG_WARN__DUPLICATE_METHOD_MATCH = YES;
				"CODE_SIGN_IDENTITY[sdk=iphoneos*]" = "iPhone Developer";
				COPY_PHASE_STRIP = NO;
				DEBUG_INFORMATION_FORMAT = dwarf;
				ENABLE_STRICT_OBJC_MSGSEND = YES;
				ENABLE_TESTABILITY = YES;
				GCC_C_LANGUAGE_STANDARD = gnu99;
				GCC_DYNAMIC_NO_PIC = NO;
				GCC_NO_COMMON_BLOCKS = YES;
				GCC_OPTIMIZATION_LEVEL = 0;
				GCC_PREPROCESSOR_DEFINITIONS = (
					"DEBUG=1",
					"$(inherited)",
				);
				GCC_WARN_64_TO_32_BIT_CONVERSION = YES;
				GCC_WARN_ABOUT_RETURN_TYPE = YES_ERROR;
				GCC_WARN_UNDECLARED_SELECTOR = YES;
				GCC_WARN_UNINITIALIZED_AUTOS = YES_AGGRESSIVE;
				GCC_WARN_UNUSED_FUNCTION = YES;
				GCC_WARN_UNUSED_VARIABLE = YES;
				IPHONEOS_DEPLOYMENT_TARGET = 9.0;
				MTL_ENABLE_DEBUG_INFO = YES;
				ONLY_ACTIVE_ARCH = YES;
				SDKROOT = iphoneos;
				SWIFT_ACTIVE_COMPILATION_CONDITIONS = DEBUG;
				SWIFT_OPTIMIZATION_LEVEL = "-Onone";
				TARGETED_DEVICE_FAMILY = "1,2";
			};
			name = Debug;
		};
		FD1789811F719F7A00A12F2E /* Release */ = {
			isa = XCBuildConfiguration;
			buildSettings = {
				ALWAYS_SEARCH_USER_PATHS = NO;
				CLANG_ANALYZER_NONNULL = YES;
				CLANG_ANALYZER_NUMBER_OBJECT_CONVERSION = YES_AGGRESSIVE;
				CLANG_CXX_LANGUAGE_STANDARD = "gnu++0x";
				CLANG_CXX_LIBRARY = "libc++";
				CLANG_ENABLE_MODULES = YES;
				CLANG_ENABLE_OBJC_ARC = YES;
				CLANG_WARN_BOOL_CONVERSION = YES;
				CLANG_WARN_CONSTANT_CONVERSION = YES;
				CLANG_WARN_DIRECT_OBJC_ISA_USAGE = YES_ERROR;
				CLANG_WARN_DOCUMENTATION_COMMENTS = YES;
				CLANG_WARN_EMPTY_BODY = YES;
				CLANG_WARN_ENUM_CONVERSION = YES;
				CLANG_WARN_INFINITE_RECURSION = YES;
				CLANG_WARN_INT_CONVERSION = YES;
				CLANG_WARN_OBJC_ROOT_CLASS = YES_ERROR;
				CLANG_WARN_SUSPICIOUS_MOVE = YES;
				CLANG_WARN_UNREACHABLE_CODE = YES;
				CLANG_WARN__DUPLICATE_METHOD_MATCH = YES;
				"CODE_SIGN_IDENTITY[sdk=iphoneos*]" = "iPhone Developer";
				COPY_PHASE_STRIP = NO;
				DEBUG_INFORMATION_FORMAT = "dwarf-with-dsym";
				ENABLE_NS_ASSERTIONS = NO;
				ENABLE_STRICT_OBJC_MSGSEND = YES;
				GCC_C_LANGUAGE_STANDARD = gnu99;
				GCC_NO_COMMON_BLOCKS = YES;
				GCC_WARN_64_TO_32_BIT_CONVERSION = YES;
				GCC_WARN_ABOUT_RETURN_TYPE = YES_ERROR;
				GCC_WARN_UNDECLARED_SELECTOR = YES;
				GCC_WARN_UNINITIALIZED_AUTOS = YES_AGGRESSIVE;
				GCC_WARN_UNUSED_FUNCTION = YES;
				GCC_WARN_UNUSED_VARIABLE = YES;
				IPHONEOS_DEPLOYMENT_TARGET = 9.0;
				MTL_ENABLE_DEBUG_INFO = NO;
				SDKROOT = iphoneos;
				SWIFT_OPTIMIZATION_LEVEL = "-Owholemodule";
				TARGETED_DEVICE_FAMILY = "1,2";
				VALIDATE_PRODUCT = YES;
			};
			name = Release;
		};
		FD1789831F719F7A00A12F2E /* Debug */ = {
			isa = XCBuildConfiguration;
			baseConfigurationReference = B9299B02E7E170E464B1EEC8 /* Pods-PrivatBankATMs.debug.xcconfig */;
			buildSettings = {
				ASSETCATALOG_COMPILER_APPICON_NAME = AppIcon;
				INFOPLIST_FILE = PrivatBankATMs/Info.plist;
				LD_RUNPATH_SEARCH_PATHS = "$(inherited) @executable_path/Frameworks";
				PRODUCT_BUNDLE_IDENTIFIER = edu.self.PrivatBankATMs;
				PRODUCT_NAME = "$(TARGET_NAME)";
				SWIFT_VERSION = 3.0;
			};
			name = Debug;
		};
		FD1789841F719F7A00A12F2E /* Release */ = {
			isa = XCBuildConfiguration;
			baseConfigurationReference = 09B7727E17D7DACCB58B9D71 /* Pods-PrivatBankATMs.release.xcconfig */;
			buildSettings = {
				ASSETCATALOG_COMPILER_APPICON_NAME = AppIcon;
				INFOPLIST_FILE = PrivatBankATMs/Info.plist;
				LD_RUNPATH_SEARCH_PATHS = "$(inherited) @executable_path/Frameworks";
				PRODUCT_BUNDLE_IDENTIFIER = edu.self.PrivatBankATMs;
				PRODUCT_NAME = "$(TARGET_NAME)";
				SWIFT_VERSION = 3.0;
			};
			name = Release;
		};
/* End XCBuildConfiguration section */

/* Begin XCConfigurationList section */
		FD17896B1F719F7A00A12F2E /* Build configuration list for PBXProject "PrivatBankATMs" */ = {
			isa = XCConfigurationList;
			buildConfigurations = (
				FD1789801F719F7A00A12F2E /* Debug */,
				FD1789811F719F7A00A12F2E /* Release */,
			);
			defaultConfigurationIsVisible = 0;
			defaultConfigurationName = Release;
		};
		FD1789821F719F7A00A12F2E /* Build configuration list for PBXNativeTarget "PrivatBankATMs" */ = {
			isa = XCConfigurationList;
			buildConfigurations = (
				FD1789831F719F7A00A12F2E /* Debug */,
				FD1789841F719F7A00A12F2E /* Release */,
			);
			defaultConfigurationIsVisible = 0;
			defaultConfigurationName = Release;
		};
/* End XCConfigurationList section */
	};
	rootObject = FD1789681F719F7A00A12F2E /* Project object */;
}
